{
  "name": "frontend",
  "version": "1.0.0",
  "lockfileVersion": 3,
  "requires": true,
  "packages": {
    "": {
      "name": "frontend",
      "version": "1.0.0",
      "private": true,
      "dependencies": {
        "axios": "^1.6.2",
        "react": "^18.2.0",
        "react-dom": "^18.2.0",
        "react-router-dom": "^6.19.0",
        "react-scripts": "5.0.1",
        "uuid": "^9.0.1"
      },
      "devDependencies": {
        "@testing-library/jest-dom": "^6.1.4",
        "@testing-library/react": "^14.1.2",
        "@testing-library/user-event": "^14.5.1",
        "@types/react": "^18.2.38",
        "@types/react-dom": "^18.2.17",
        "eslint": "^8.54.0",
        "jest": "^29.7.0"
      }
    },
    "@babel/plugin-proposal-private-property-in-object": {
      "version": "7.21.11",
      "dev": true
    },
    "@testing-library/jest-dom": {
      "version": "6.1.4",
      "dev": true
    },
    "@testing-library/react": {
      "version": "14.1.2",
      "dev": true
    },
    "@testing-library/user-event": {
      "version": "14.5.1",
      "dev": true
    },
    "@types/react": {
      "version": "18.2.38",
      "dev": true
    },
    "@types/react-dom": {
      "version": "18.2.17",
      "dev": true
    },
    "axios": {
      "version": "1.6.2"
    },
    "eslint": {
      "version": "8.54.0",
      "dev": true
    },
    "jest": {
      "version": "29.7.0",
      "dev": true
    },
    "react": {
      "version": "18.2.0"
    },
    "react-dom": {
      "version": "18.2.0"
    },
    "react-router-dom": {
      "version": "6.19.0"
    },
    "react-scripts": {
      "version": "5.0.1"
    },
    "uuid": {
      "version": "9.0.1"
    }
  }
}
