{
  "name": "accounting-dashboard-backend",
  "version": "1.0.0",
  "lockfileVersion": 3,
  "requires": true,
  "packages": {
    "": {
      "name": "accounting-dashboard-backend",
      "version": "1.0.0",
      "private": true,
      "dependencies": {
        "aws-sdk": "^2.1502.0",
        "async-lock": "^1.4.1",
        "crypto": "^1.0.1",
        "json2csv": "^6.0.0",
        "node-cache": "^5.1.2",
        "uuid": "^9.0.1"
      },
      "devDependencies": {
        "@types/jest": "^29.5.10",
        "@types/node": "^20.9.4",
        "eslint": "^8.54.0",
        "jest": "^29.7.0"
      }
    },
    "@types/jest": {
      "version": "29.5.10",
      "dev": true
    },
    "@types/node": {
      "version": "20.9.4",
      "dev": true
    },
    "aws-sdk": {
      "version": "2.1502.0"
    },
    "async-lock": {
      "version": "1.4.1"
    },
    "crypto": {
      "version": "1.0.1"
    },
    "eslint": {
      "version": "8.54.0",
      "dev": true
    },
    "jest": {
      "version": "29.7.0",
      "dev": true
    },
    "json2csv": {
      "version": "6.0.0"
    },
    "node-cache": {
      "version": "5.1.2"
    },
    "uuid": {
      "version": "9.0.1"
    }
  }
}
